// !$*UTF8*$!
{
	archiveVersion = 1;
	classes = {
	};
	objectVersion = 46;
	objects = {

/* Begin PBXBuildFile section */
		386606185665EFB8E9366AF0 /* libPods-ZWKeychainExample.a in Frameworks */ = {isa = PBXBuildFile; fileRef = E19562714E0F99A7392DA60D /* libPods-ZWKeychainExample.a */; };
		8637E6291E8CCDED0084E5CF /* main.m in Sources */ = {isa = PBXBuildFile; fileRef = 8637E6281E8CCDED0084E5CF /* main.m */; };
		8637E62C1E8CCDED0084E5CF /* AppDelegate.m in Sources */ = {isa = PBXBuildFile; fileRef = 8637E62B1E8CCDED0084E5CF /* AppDelegate.m */; };
		8637E62F1E8CCDED0084E5CF /* ViewController.m in Sources */ = {isa = PBXBuildFile; fileRef = 8637E62E1E8CCDED0084E5CF /* ViewController.m */; };
		8637E6321E8CCDED0084E5CF /* Main.storyboard in Resources */ = {isa = PBXBuildFile; fileRef = 8637E6301E8CCDED0084E5CF /* Main.storyboard */; };
		8637E6341E8CCDED0084E5CF /* Assets.xcassets in Resources */ = {isa = PBXBuildFile; fileRef = 8637E6331E8CCDED0084E5CF /* Assets.xcassets */; };
		8637E6371E8CCDED0084E5CF /* LaunchScreen.storyboard in Resources */ = {isa = PBXBuildFile; fileRef = 8637E6351E8CCDED0084E5CF /* LaunchScreen.storyboard */; };
		8637E6451E8CD1120084E5CF /* SAMKeychain+ZWExtensions.m in Sources */ = {isa = PBXBuildFile; fileRef = 8637E6441E8CD1120084E5CF /* SAMKeychain+ZWExtensions.m */; };
/* End PBXBuildFile section */

/* Begin PBXFileReference section */
		172C75AB494576015B76D4B6 /* Pods-ZWKeychainExample.release.xcconfig */ = {isa = PBXFileReference; includeInIndex = 1; lastKnownFileType = text.xcconfig; name = "Pods-ZWKeychainExample.release.xcconfig"; path = "Pods/Target Support Files/Pods-ZWKeychainExample/Pods-ZWKeychainExample.release.xcconfig"; sourceTree = "<group>"; };
		2B2D283FD3AD09C456271EEB /* Pods-ZWKeychainExample.debug.xcconfig */ = {isa = PBXFileReference; includeInIndex = 1; lastKnownFileType = text.xcconfig; name = "Pods-ZWKeychainExample.debug.xcconfig"; path = "Pods/Target Support Files/Pods-ZWKeychainExample/Pods-ZWKeychainExample.debug.xcconfig"; sourceTree = "<group>"; };
		8637E6241E8CCDED0084E5CF /* ZWKeychainExample.app */ = {isa = PBXFileReference; explicitFileType = wrapper.application; includeInIndex = 0; path = ZWKeychainExample.app; sourceTree = BUILT_PRODUCTS_DIR; };
		8637E6281E8CCDED0084E5CF /* main.m */ = {isa = PBXFileReference; lastKnownFileType = sourcecode.c.objc; path = main.m; sourceTree = "<group>"; };
		8637E62A1E8CCDED0084E5CF /* AppDelegate.h */ = {isa = PBXFileReference; lastKnownFileType = sourcecode.c.h; path = AppDelegate.h; sourceTree = "<group>"; };
		8637E62B1E8CCDED0084E5CF /* AppDelegate.m */ = {isa = PBXFileReference; lastKnownFileType = sourcecode.c.objc; path = AppDelegate.m; sourceTree = "<group>"; };
		8637E62D1E8CCDED0084E5CF /* ViewController.h */ = {isa = PBXFileReference; lastKnownFileType = sourcecode.c.h; path = ViewController.h; sourceTree = "<group>"; };
		8637E62E1E8CCDED0084E5CF /* ViewController.m */ = {isa = PBXFileReference; lastKnownFileType = sourcecode.c.objc; path = ViewController.m; sourceTree = "<group>"; };
		8637E6311E8CCDED0084E5CF /* Base */ = {isa = PBXFileReference; lastKnownFileType = file.storyboard; name = Base; path = Base.lproj/Main.storyboard; sourceTree = "<group>"; };
		8637E6331E8CCDED0084E5CF /* Assets.xcassets */ = {isa = PBXFileReference; lastKnownFileType = folder.assetcatalog; path = Assets.xcassets; sourceTree = "<group>"; };
		8637E6361E8CCDED0084E5CF /* Base */ = {isa = PBXFileReference; lastKnownFileType = file.storyboard; name = Base; path = Base.lproj/LaunchScreen.storyboard; sourceTree = "<group>"; };
		8637E6381E8CCDED0084E5CF /* Info.plist */ = {isa = PBXFileReference; lastKnownFileType = text.plist.xml; path = Info.plist; sourceTree = "<group>"; };
		8637E6431E8CD1120084E5CF /* SAMKeychain+ZWExtensions.h */ = {isa = PBXFileReference; fileEncoding = 4; lastKnownFileType = sourcecode.c.h; path = "SAMKeychain+ZWExtensions.h"; sourceTree = "<group>"; };
		8637E6441E8CD1120084E5CF /* SAMKeychain+ZWExtensions.m */ = {isa = PBXFileReference; fileEncoding = 4; lastKnownFileType = sourcecode.c.objc; path = "SAMKeychain+ZWExtensions.m"; sourceTree = "<group>"; };
		E19562714E0F99A7392DA60D /* libPods-ZWKeychainExample.a */ = {isa = PBXFileReference; explicitFileType = archive.ar; includeInIndex = 0; path = "libPods-ZWKeychainExample.a"; sourceTree = BUILT_PRODUCTS_DIR; };
/* End PBXFileReference section */

/* Begin PBXFrameworksBuildPhase section */
		8637E6211E8CCDED0084E5CF /* Frameworks */ = {
			isa = PBXFrameworksBuildPhase;
			buildActionMask = 2147483647;
			files = (
				386606185665EFB8E9366AF0 /* libPods-ZWKeychainExample.a in Frameworks */,
			);
			runOnlyForDeploymentPostprocessing = 0;
		};
/* End PBXFrameworksBuildPhase section */

/* Begin PBXGroup section */
		4332CAB61AA33137E121636C /* Pods */ = {
			isa = PBXGroup;
			children = (
				2B2D283FD3AD09C456271EEB /* Pods-ZWKeychainExample.debug.xcconfig */,
				172C75AB494576015B76D4B6 /* Pods-ZWKeychainExample.release.xcconfig */,
			);
			name = Pods;
			sourceTree = "<group>";
		};
		8637E61B1E8CCDED0084E5CF = {
			isa = PBXGroup;
			children = (
				8637E6261E8CCDED0084E5CF /* ZWKeychainExample */,
				8637E6251E8CCDED0084E5CF /* Products */,
				4332CAB61AA33137E121636C /* Pods */,
				D7F37B215C4721F6E629F23B /* Frameworks */,
			);
			sourceTree = "<group>";
		};
		8637E6251E8CCDED0084E5CF /* Products */ = {
			isa = PBXGroup;
			children = (
				8637E6241E8CCDED0084E5CF /* ZWKeychainExample.app */,
			);
			name = Products;
			sourceTree = "<group>";
		};
		8637E6261E8CCDED0084E5CF /* ZWKeychainExample */ = {
			isa = PBXGroup;
			children = (
				8637E6421E8CD1120084E5CF /* Extensions */,
				8637E62A1E8CCDED0084E5CF /* AppDelegate.h */,
				8637E62B1E8CCDED0084E5CF /* AppDelegate.m */,
				8637E62D1E8CCDED0084E5CF /* ViewController.h */,
				8637E62E1E8CCDED0084E5CF /* ViewController.m */,
				8637E6301E8CCDED0084E5CF /* Main.storyboard */,
				8637E6331E8CCDED0084E5CF /* Assets.xcassets */,
				8637E6351E8CCDED0084E5CF /* LaunchScreen.storyboard */,
				8637E6381E8CCDED0084E5CF /* Info.plist */,
				8637E6271E8CCDED0084E5CF /* Supporting Files */,
			);
			path = ZWKeychainExample;
			sourceTree = "<group>";
		};
		8637E6271E8CCDED0084E5CF /* Supporting Files */ = {
			isa = PBXGroup;
			children = (
				8637E6281E8CCDED0084E5CF /* main.m */,
			);
			name = "Supporting Files";
			sourceTree = "<group>";
		};
		8637E6421E8CD1120084E5CF /* Extensions */ = {
			isa = PBXGroup;
			children = (
				8637E6431E8CD1120084E5CF /* SAMKeychain+ZWExtensions.h */,
				8637E6441E8CD1120084E5CF /* SAMKeychain+ZWExtensions.m */,
			);
			name = Extensions;
			path = ../../Extensions;
			sourceTree = "<group>";
		};
		D7F37B215C4721F6E629F23B /* Frameworks */ = {
			isa = PBXGroup;
			children = (
				E19562714E0F99A7392DA60D /* libPods-ZWKeychainExample.a */,
			);
			name = Frameworks;
			sourceTree = "<group>";
		};
/* End PBXGroup section */

/* Begin PBXNativeTarget section */
		8637E6231E8CCDED0084E5CF /* ZWKeychainExample */ = {
			isa = PBXNativeTarget;
			buildConfigurationList = 8637E63B1E8CCDED0084E5CF /* Build configuration list for PBXNativeTarget "ZWKeychainExample" */;
			buildPhases = (
				329AD2D7E53D717938A595CD /* [CP] Check Pods Manifest.lock */,
				8637E6201E8CCDED0084E5CF /* Sources */,
				8637E6211E8CCDED0084E5CF /* Frameworks */,
				8637E6221E8CCDED0084E5CF /* Resources */,
				C99A2605BD98033DACBE5A1F /* [CP] Embed Pods Frameworks */,
				EA4EB7BC2CC8E15523FCE2FD /* [CP] Copy Pods Resources */,
			);
			buildRules = (
			);
			dependencies = (
			);
			name = ZWKeychainExample;
			productName = ZWKeychainExample;
			productReference = 8637E6241E8CCDED0084E5CF /* ZWKeychainExample.app */;
			productType = "com.apple.product-type.application";
		};
/* End PBXNativeTarget section */

/* Begin PBXProject section */
		8637E61C1E8CCDED0084E5CF /* Project object */ = {
			isa = PBXProject;
			attributes = {
				LastUpgradeCheck = 0800;
				ORGANIZATIONNAME = Gavin;
				TargetAttributes = {
					8637E6231E8CCDED0084E5CF = {
						CreatedOnToolsVersion = 8.0;
						DevelopmentTeam = JXVKXED5Z7;
						ProvisioningStyle = Automatic;
					};
				};
			};
			buildConfigurationList = 8637E61F1E8CCDED0084E5CF /* Build configuration list for PBXProject "ZWKeychainExample" */;
			compatibilityVersion = "Xcode 3.2";
			developmentRegion = English;
			hasScannedForEncodings = 0;
			knownRegions = (
				en,
				Base,
			);
			mainGroup = 8637E61B1E8CCDED0084E5CF;
			productRefGroup = 8637E6251E8CCDED0084E5CF /* Products */;
			projectDirPath = "";
			projectRoot = "";
			targets = (
				8637E6231E8CCDED0084E5CF /* ZWKeychainExample */,
			);
		};
/* End PBXProject section */

/* Begin PBXResourcesBuildPhase section */
		8637E6221E8CCDED0084E5CF /* Resources */ = {
			isa = PBXResourcesBuildPhase;
			buildActionMask = 2147483647;
			files = (
				8637E6371E8CCDED0084E5CF /* LaunchScreen.storyboard in Resources */,
				8637E6341E8CCDED0084E5CF /* Assets.xcassets in Resources */,
				8637E6321E8CCDED0084E5CF /* Main.storyboard in Resources */,
			);
			runOnlyForDeploymentPostprocessing = 0;
		};
/* End PBXResourcesBuildPhase section */

/* Begin PBXShellScriptBuildPhase section */
		329AD2D7E53D717938A595CD /* [CP] Check Pods Manifest.lock */ = {
			isa = PBXShellScriptBuildPhase;
			buildActionMask = 2147483647;
			files = (
			);
			inputPaths = (
			);
			name = "[CP] Check Pods Manifest.lock";
			outputPaths = (
			);
			runOnlyForDeploymentPostprocessing = 0;
			shellPath = /bin/sh;
			shellScript = "diff \"${PODS_ROOT}/../Podfile.lock\" \"${PODS_ROOT}/Manifest.lock\" > /dev/null\nif [ $? != 0 ] ; then\n    # print error to STDERR\n    echo \"error: The sandbox is not in sync with the Podfile.lock. Run 'pod install' or update your CocoaPods installation.\" >&2\n    exit 1\nfi\n";
			showEnvVarsInLog = 0;
		};
		C99A2605BD98033DACBE5A1F /* [CP] Embed Pods Frameworks */ = {
			isa = PBXShellScriptBuildPhase;
			buildActionMask = 2147483647;
			files = (
			);
			inputPaths = (
			);
			name = "[CP] Embed Pods Frameworks";
			outputPaths = (
			);
			runOnlyForDeploymentPostprocessing = 0;
			shellPath = /bin/sh;
			shellScript = "\"${SRCROOT}/Pods/Target Support Files/Pods-ZWKeychainExample/Pods-ZWKeychainExample-frameworks.sh\"\n";
			showEnvVarsInLog = 0;
		};
		EA4EB7BC2CC8E15523FCE2FD /* [CP] Copy Pods Resources */ = {
			isa = PBXShellScriptBuildPhase;
			buildActionMask = 2147483647;
			files = (
			);
			inputPaths = (
			);
			name = "[CP] Copy Pods Resources";
			outputPaths = (
			);
			runOnlyForDeploymentPostprocessing = 0;
			shellPath = /bin/sh;
			shellScript = "\"${SRCROOT}/Pods/Target Support Files/Pods-ZWKeychainExample/Pods-ZWKeychainExample-resources.sh\"\n";
			showEnvVarsInLog = 0;
		};
/* End PBXShellScriptBuildPhase section */

/* Begin PBXSourcesBuildPhase section */
		8637E6201E8CCDED0084E5CF /* Sources */ = {
			isa = PBXSourcesBuildPhase;
			buildActionMask = 2147483647;
			files = (
				8637E62F1E8CCDED0084E5CF /* ViewController.m in Sources */,
				8637E62C1E8CCDED0084E5CF /* AppDelegate.m in Sources */,
				8637E6451E8CD1120084E5CF /* SAMKeychain+ZWExtensions.m in Sources */,
				8637E6291E8CCDED0084E5CF /* main.m in Sources */,
			);
			runOnlyForDeploymentPostprocessing = 0;
		};
/* End PBXSourcesBuildPhase section */

/* Begin PBXVariantGroup section */
		8637E6301E8CCDED0084E5CF /* Main.storyboard */ = {
			isa = PBXVariantGroup;
			children = (
				8637E6311E8CCDED0084E5CF /* Base */,
			);
			name = Main.storyboard;
			sourceTree = "<group>";
		};
		8637E6351E8CCDED0084E5CF /* LaunchScreen.storyboard */ = {
			isa = PBXVariantGroup;
			children = (
				8637E6361E8CCDED0084E5CF /* Base */,
			);
			name = LaunchScreen.storyboard;
			sourceTree = "<group>";
		};
/* End PBXVariantGroup section */

/* Begin XCBuildConfiguration section */
		8637E6391E8CCDED0084E5CF /* Debug */ = {
			isa = XCBuildConfiguration;
			buildSettings = {
				ALWAYS_SEARCH_USER_PATHS = NO;
				CLANG_ANALYZER_NONNULL = YES;
				CLANG_CXX_LANGUAGE_STANDARD = "gnu++0x";
				CLANG_CXX_LIBRARY = "libc++";
				CLANG_ENABLE_MODULES = YES;
				CLANG_ENABLE_OBJC_ARC = YES;
				CLANG_WARN_BOOL_CONVERSION = YES;
				CLANG_WARN_CONSTANT_CONVERSION = YES;
				CLANG_WARN_DIRECT_OBJC_ISA_USAGE = YES_ERROR;
				CLANG_WARN_DOCUMENTATION_COMMENTS = YES;
				CLANG_WARN_EMPTY_BODY = YES;
				CLANG_WARN_ENUM_CONVERSION = YES;
				CLANG_WARN_INFINITE_RECURSION = YES;
				CLANG_WARN_INT_CONVERSION = YES;
				CLANG_WARN_OBJC_ROOT_CLASS = YES_ERROR;
				CLANG_WARN_SUSPICIOUS_MOVES = YES;
				CLANG_WARN_UNREACHABLE_CODE = YES;
				CLANG_WARN__DUPLICATE_METHOD_MATCH = YES;
				"CODE_SIGN_IDENTITY[sdk=iphoneos*]" = "iPhone Developer";
				COPY_PHASE_STRIP = NO;
				DEBUG_INFORMATION_FORMAT = dwarf;
				ENABLE_STRICT_OBJC_MSGSEND = YES;
				ENABLE_TESTABILITY = YES;
				GCC_C_LANGUAGE_STANDARD = gnu99;
				GCC_DYNAMIC_NO_PIC = NO;
				GCC_NO_COMMON_BLOCKS = YES;
				GCC_OPTIMIZATION_LEVEL = 0;
				GCC_PREPROCESSOR_DEFINITIONS = (
					"DEBUG=1",
					"$(inherited)",
				);
				GCC_WARN_64_TO_32_BIT_CONVERSION = YES;
				GCC_WARN_ABOUT_RETURN_TYPE = YES_ERROR;
				GCC_WARN_UNDECLARED_SELECTOR = YES;
				GCC_WARN_UNINITIALIZED_AUTOS = YES_AGGRESSIVE;
				GCC_WARN_UNUSED_FUNCTION = YES;
				GCC_WARN_UNUSED_VARIABLE = YES;
				IPHONEOS_DEPLOYMENT_TARGET = 10.0;
				MTL_ENABLE_DEBUG_INFO = YES;
				ONLY_ACTIVE_ARCH = YES;
				SDKROOT = iphoneos;
			};
			name = Debug;
		};
		8637E63A1E8CCDED0084E5CF /* Release */ = {
			isa = XCBuildConfiguration;
			buildSettings = {
				ALWAYS_SEARCH_USER_PATHS = NO;
				CLANG_ANALYZER_NONNULL = YES;
				CLANG_CXX_LANGUAGE_STANDARD = "gnu++0x";
				CLANG_CXX_LIBRARY = "libc++";
				CLANG_ENABLE_MODULES = YES;
				CLANG_ENABLE_OBJC_ARC = YES;
				CLANG_WARN_BOOL_CONVERSION = YES;
				CLANG_WARN_CONSTANT_CONVERSION = YES;
				CLANG_WARN_DIRECT_OBJC_ISA_USAGE = YES_ERROR;
				CLANG_WARN_DOCUMENTATION_COMMENTS = YES;
				CLANG_WARN_EMPTY_BODY = YES;
				CLANG_WARN_ENUM_CONVERSION = YES;
				CLANG_WARN_INFINITE_RECURSION = YES;
				CLANG_WARN_INT_CONVERSION = YES;
				CLANG_WARN_OBJC_ROOT_CLASS = YES_ERROR;
				CLANG_WARN_SUSPICIOUS_MOVES = YES;
				CLANG_WARN_UNREACHABLE_CODE = YES;
				CLANG_WARN__DUPLICATE_METHOD_MATCH = YES;
				"CODE_SIGN_IDENTITY[sdk=iphoneos*]" = "iPhone Developer";
				COPY_PHASE_STRIP = NO;
				DEBUG_INFORMATION_FORMAT = "dwarf-with-dsym";
				ENABLE_NS_ASSERTIONS = NO;
				ENABLE_STRICT_OBJC_MSGSEND = YES;
				GCC_C_LANGUAGE_STANDARD = gnu99;
				GCC_NO_COMMON_BLOCKS = YES;
				GCC_WARN_64_TO_32_BIT_CONVERSION = YES;
				GCC_WARN_ABOUT_RETURN_TYPE = YES_ERROR;
				GCC_WARN_UNDECLARED_SELECTOR = YES;
				GCC_WARN_UNINITIALIZED_AUTOS = YES_AGGRESSIVE;
				GCC_WARN_UNUSED_FUNCTION = YES;
				GCC_WARN_UNUSED_VARIABLE = YES;
				IPHONEOS_DEPLOYMENT_TARGET = 10.0;
				MTL_ENABLE_DEBUG_INFO = NO;
				SDKROOT = iphoneos;
				VALIDATE_PRODUCT = YES;
			};
			name = Release;
		};
		8637E63C1E8CCDED0084E5CF /* Debug */ = {
			isa = XCBuildConfiguration;
			baseConfigurationReference = 2B2D283FD3AD09C456271EEB /* Pods-ZWKeychainExample.debug.xcconfig */;
			buildSettings = {
				ASSETCATALOG_COMPILER_APPICON_NAME = AppIcon;
				DEVELOPMENT_TEAM = JXVKXED5Z7;
				INFOPLIST_FILE = ZWKeychainExample/Info.plist;
				LD_RUNPATH_SEARCH_PATHS = "$(inherited) @executable_path/Frameworks";
				PRODUCT_BUNDLE_IDENTIFIER = com.Gavin.ZWKeychainExample;
				PRODUCT_NAME = "$(TARGET_NAME)";
			};
			name = Debug;
		};
		8637E63D1E8CCDED0084E5CF /* Release */ = {
			isa = XCBuildConfiguration;
			baseConfigurationReference = 172C75AB494576015B76D4B6 /* Pods-ZWKeychainExample.release.xcconfig */;
			buildSettings = {
				ASSETCATALOG_COMPILER_APPICON_NAME = AppIcon;
				DEVELOPMENT_TEAM = JXVKXED5Z7;
				INFOPLIST_FILE = ZWKeychainExample/Info.plist;
				LD_RUNPATH_SEARCH_PATHS = "$(inherited) @executable_path/Frameworks";
				PRODUCT_BUNDLE_IDENTIFIER = com.Gavin.ZWKeychainExample;
				PRODUCT_NAME = "$(TARGET_NAME)";
			};
			name = Release;
		};
/* End XCBuildConfiguration section */

/* Begin XCConfigurationList section */
		8637E61F1E8CCDED0084E5CF /* Build configuration list for PBXProject "ZWKeychainExample" */ = {
			isa = XCConfigurationList;
			buildConfigurations = (
				8637E6391E8CCDED0084E5CF /* Debug */,
				8637E63A1E8CCDED0084E5CF /* Release */,
			);
			defaultConfigurationIsVisible = 0;
			defaultConfigurationName = Release;
		};
		8637E63B1E8CCDED0084E5CF /* Build configuration list for PBXNativeTarget "ZWKeychainExample" */ = {
			isa = XCConfigurationList;
			buildConfigurations = (
				8637E63C1E8CCDED0084E5CF /* Debug */,
				8637E63D1E8CCDED0084E5CF /* Release */,
			);
			defaultConfigurationIsVisible = 0;
			defaultConfigurationName = Release;
		};
/* End XCConfigurationList section */
	};
	rootObject = 8637E61C1E8CCDED0084E5CF /* Project object */;
}
